{
  "name": "rctimer.rpi.home",
  "version": "1.0.0",
  "lockfileVersion": 1,
  "requires": true,
  "dependencies": {
    "get-caller-file": {
      "version": "1.0.2",
      "resolved": "https://registry.npmjs.org/get-caller-file/-/get-caller-file-1.0.2.tgz",
      "integrity": "sha1-9wLmMSfn4jHBYKgMFVSstw1QR+U="
    },
    "mock-require": {
      "version": "3.0.1",
      "resolved": "https://registry.npmjs.org/mock-require/-/mock-require-3.0.1.tgz",
      "integrity": "sha1-1e/YNMDaDOxzx7Z3Y9gWfTLYUd4=",
      "requires": {
        "get-caller-file": "1.0.2"
      }
    }
  }
}
